// !$*UTF8*$!
{
	archiveVersion = 1;
	classes = {
	};
	objectVersion = 46;
	objects = {

/* Begin PBXBuildFile section */
		4018A9DE1DE0E24600396FDC /* AppDelegate.swift in Sources */ = {isa = PBXBuildFile; fileRef = 4018A9DD1DE0E24600396FDC /* AppDelegate.swift */; };
		4018A9E31DE0E24600396FDC /* Main.storyboard in Resources */ = {isa = PBXBuildFile; fileRef = 4018A9E11DE0E24600396FDC /* Main.storyboard */; };
		4018A9E51DE0E24600396FDC /* Assets.xcassets in Resources */ = {isa = PBXBuildFile; fileRef = 4018A9E41DE0E24600396FDC /* Assets.xcassets */; };
		4018A9E81DE0E24600396FDC /* LaunchScreen.storyboard in Resources */ = {isa = PBXBuildFile; fileRef = 4018A9E61DE0E24600396FDC /* LaunchScreen.storyboard */; };
		4018A9F31DE0E24600396FDC /* OnCall_Manager_UITests.swift in Sources */ = {isa = PBXBuildFile; fileRef = 4018A9F21DE0E24600396FDC /* OnCall_Manager_UITests.swift */; };
		4018A9FE1DE0F35100396FDC /* OnboardViewController.swift in Sources */ = {isa = PBXBuildFile; fileRef = 4018A9FD1DE0F35100396FDC /* OnboardViewController.swift */; };
		4018AA001DE0F53900396FDC /* shipIDViewController.swift in Sources */ = {isa = PBXBuildFile; fileRef = 4018A9FF1DE0F53900396FDC /* shipIDViewController.swift */; };
		4018AA061DE0FFDC00396FDC /* GraphListViewController.swift in Sources */ = {isa = PBXBuildFile; fileRef = 4018AA051DE0FFDC00396FDC /* GraphListViewController.swift */; };
		4018AA081DE10C6900396FDC /* GraphViewController.swift in Sources */ = {isa = PBXBuildFile; fileRef = 4018AA071DE10C6900396FDC /* GraphViewController.swift */; };
		4018AA0A1DE12C2E00396FDC /* DataHandler.swift in Sources */ = {isa = PBXBuildFile; fileRef = 4018AA091DE12C2E00396FDC /* DataHandler.swift */; };
		7C260F74F3EC8BB2852D2C12 /* Pods_OnCall_Manager_.framework in Frameworks */ = {isa = PBXBuildFile; fileRef = 0CB177B8143A79AE9AF78E63 /* Pods_OnCall_Manager_.framework */; };
		92557F9BB7E7A67D8D23107C /* Pods_OnCall_Manager_UITests.framework in Frameworks */ = {isa = PBXBuildFile; fileRef = 8EE41BA2D29C6E4F2F8AAA41 /* Pods_OnCall_Manager_UITests.framework */; };
/* End PBXBuildFile section */

/* Begin PBXContainerItemProxy section */
		4018A9EF1DE0E24600396FDC /* PBXContainerItemProxy */ = {
			isa = PBXContainerItemProxy;
			containerPortal = 4018A9D21DE0E24600396FDC /* Project object */;
			proxyType = 1;
			remoteGlobalIDString = 4018A9D91DE0E24600396FDC;
			remoteInfo = "OnCall(Manager)";
		};
/* End PBXContainerItemProxy section */

/* Begin PBXFileReference section */
		0CB177B8143A79AE9AF78E63 /* Pods_OnCall_Manager_.framework */ = {isa = PBXFileReference; explicitFileType = wrapper.framework; includeInIndex = 0; path = Pods_OnCall_Manager_.framework; sourceTree = BUILT_PRODUCTS_DIR; };
		35B3895CED177A6F307911AB /* Pods-OnCall(Manager)UITests.release.xcconfig */ = {isa = PBXFileReference; includeInIndex = 1; lastKnownFileType = text.xcconfig; name = "Pods-OnCall(Manager)UITests.release.xcconfig"; path = "Pods/Target Support Files/Pods-OnCall(Manager)UITests/Pods-OnCall(Manager)UITests.release.xcconfig"; sourceTree = "<group>"; };
		4018A9DA1DE0E24600396FDC /* OnCall(Manager).app */ = {isa = PBXFileReference; explicitFileType = wrapper.application; includeInIndex = 0; path = "OnCall(Manager).app"; sourceTree = BUILT_PRODUCTS_DIR; };
		4018A9DD1DE0E24600396FDC /* AppDelegate.swift */ = {isa = PBXFileReference; lastKnownFileType = sourcecode.swift; path = AppDelegate.swift; sourceTree = "<group>"; };
		4018A9E21DE0E24600396FDC /* Base */ = {isa = PBXFileReference; lastKnownFileType = file.storyboard; name = Base; path = Base.lproj/Main.storyboard; sourceTree = "<group>"; };
		4018A9E41DE0E24600396FDC /* Assets.xcassets */ = {isa = PBXFileReference; lastKnownFileType = folder.assetcatalog; path = Assets.xcassets; sourceTree = "<group>"; };
		4018A9E71DE0E24600396FDC /* Base */ = {isa = PBXFileReference; lastKnownFileType = file.storyboard; name = Base; path = Base.lproj/LaunchScreen.storyboard; sourceTree = "<group>"; };
		4018A9E91DE0E24600396FDC /* Info.plist */ = {isa = PBXFileReference; lastKnownFileType = text.plist.xml; path = Info.plist; sourceTree = "<group>"; };
		4018A9EE1DE0E24600396FDC /* OnCall(Manager)UITests.xctest */ = {isa = PBXFileReference; explicitFileType = wrapper.cfbundle; includeInIndex = 0; path = "OnCall(Manager)UITests.xctest"; sourceTree = BUILT_PRODUCTS_DIR; };
		4018A9F21DE0E24600396FDC /* OnCall_Manager_UITests.swift */ = {isa = PBXFileReference; lastKnownFileType = sourcecode.swift; path = OnCall_Manager_UITests.swift; sourceTree = "<group>"; };
		4018A9F41DE0E24600396FDC /* Info.plist */ = {isa = PBXFileReference; lastKnownFileType = text.plist.xml; path = Info.plist; sourceTree = "<group>"; };
		4018A9FD1DE0F35100396FDC /* OnboardViewController.swift */ = {isa = PBXFileReference; fileEncoding = 4; lastKnownFileType = sourcecode.swift; path = OnboardViewController.swift; sourceTree = "<group>"; };
		4018A9FF1DE0F53900396FDC /* shipIDViewController.swift */ = {isa = PBXFileReference; fileEncoding = 4; lastKnownFileType = sourcecode.swift; path = shipIDViewController.swift; sourceTree = "<group>"; };
		4018AA051DE0FFDC00396FDC /* GraphListViewController.swift */ = {isa = PBXFileReference; fileEncoding = 4; lastKnownFileType = sourcecode.swift; path = GraphListViewController.swift; sourceTree = "<group>"; };
		4018AA071DE10C6900396FDC /* GraphViewController.swift */ = {isa = PBXFileReference; fileEncoding = 4; lastKnownFileType = sourcecode.swift; path = GraphViewController.swift; sourceTree = "<group>"; };
		4018AA091DE12C2E00396FDC /* DataHandler.swift */ = {isa = PBXFileReference; fileEncoding = 4; lastKnownFileType = sourcecode.swift; path = DataHandler.swift; sourceTree = "<group>"; };
		627787DAC6E2B844B4524FE1 /* Pods-OnCall(Manager)UITests.debug.xcconfig */ = {isa = PBXFileReference; includeInIndex = 1; lastKnownFileType = text.xcconfig; name = "Pods-OnCall(Manager)UITests.debug.xcconfig"; path = "Pods/Target Support Files/Pods-OnCall(Manager)UITests/Pods-OnCall(Manager)UITests.debug.xcconfig"; sourceTree = "<group>"; };
		698A745E73CCABD500192585 /* Pods-OnCall(Manager).release.xcconfig */ = {isa = PBXFileReference; includeInIndex = 1; lastKnownFileType = text.xcconfig; name = "Pods-OnCall(Manager).release.xcconfig"; path = "Pods/Target Support Files/Pods-OnCall(Manager)/Pods-OnCall(Manager).release.xcconfig"; sourceTree = "<group>"; };
		74EC92D469F96D239F0E2C84 /* Pods-OnCall(Manager).debug.xcconfig */ = {isa = PBXFileReference; includeInIndex = 1; lastKnownFileType = text.xcconfig; name = "Pods-OnCall(Manager).debug.xcconfig"; path = "Pods/Target Support Files/Pods-OnCall(Manager)/Pods-OnCall(Manager).debug.xcconfig"; sourceTree = "<group>"; };
		8EE41BA2D29C6E4F2F8AAA41 /* Pods_OnCall_Manager_UITests.framework */ = {isa = PBXFileReference; explicitFileType = wrapper.framework; includeInIndex = 0; path = Pods_OnCall_Manager_UITests.framework; sourceTree = BUILT_PRODUCTS_DIR; };
/* End PBXFileReference section */

/* Begin PBXFrameworksBuildPhase section */
		4018A9D71DE0E24600396FDC /* Frameworks */ = {
			isa = PBXFrameworksBuildPhase;
			buildActionMask = 2147483647;
			files = (
				7C260F74F3EC8BB2852D2C12 /* Pods_OnCall_Manager_.framework in Frameworks */,
			);
			runOnlyForDeploymentPostprocessing = 0;
		};
		4018A9EB1DE0E24600396FDC /* Frameworks */ = {
			isa = PBXFrameworksBuildPhase;
			buildActionMask = 2147483647;
			files = (
				92557F9BB7E7A67D8D23107C /* Pods_OnCall_Manager_UITests.framework in Frameworks */,
			);
			runOnlyForDeploymentPostprocessing = 0;
		};
/* End PBXFrameworksBuildPhase section */

/* Begin PBXGroup section */
		4018A9D11DE0E24600396FDC = {
			isa = PBXGroup;
			children = (
				4018A9DC1DE0E24600396FDC /* OnCall(Manager) */,
				4018A9F11DE0E24600396FDC /* OnCall(Manager)UITests */,
				4018A9DB1DE0E24600396FDC /* Products */,
				9F8FB116121EAF95572B46A0 /* Pods */,
				4D54AAD830E1B0B13F27145A /* Frameworks */,
			);
			sourceTree = "<group>";
		};
		4018A9DB1DE0E24600396FDC /* Products */ = {
			isa = PBXGroup;
			children = (
				4018A9DA1DE0E24600396FDC /* OnCall(Manager).app */,
				4018A9EE1DE0E24600396FDC /* OnCall(Manager)UITests.xctest */,
			);
			name = Products;
			sourceTree = "<group>";
		};
		4018A9DC1DE0E24600396FDC /* OnCall(Manager) */ = {
			isa = PBXGroup;
			children = (
				4018AA091DE12C2E00396FDC /* DataHandler.swift */,
				4018A9FD1DE0F35100396FDC /* OnboardViewController.swift */,
				4018A9FF1DE0F53900396FDC /* shipIDViewController.swift */,
				4018A9DD1DE0E24600396FDC /* AppDelegate.swift */,
				4018AA051DE0FFDC00396FDC /* GraphListViewController.swift */,
				4018A9E11DE0E24600396FDC /* Main.storyboard */,
				4018AA071DE10C6900396FDC /* GraphViewController.swift */,
				4018A9E41DE0E24600396FDC /* Assets.xcassets */,
				4018A9E61DE0E24600396FDC /* LaunchScreen.storyboard */,
				4018A9E91DE0E24600396FDC /* Info.plist */,
			);
			path = "OnCall(Manager)";
			sourceTree = "<group>";
		};
		4018A9F11DE0E24600396FDC /* OnCall(Manager)UITests */ = {
			isa = PBXGroup;
			children = (
				4018A9F21DE0E24600396FDC /* OnCall_Manager_UITests.swift */,
				4018A9F41DE0E24600396FDC /* Info.plist */,
			);
			path = "OnCall(Manager)UITests";
			sourceTree = "<group>";
		};
		4D54AAD830E1B0B13F27145A /* Frameworks */ = {
			isa = PBXGroup;
			children = (
				0CB177B8143A79AE9AF78E63 /* Pods_OnCall_Manager_.framework */,
				8EE41BA2D29C6E4F2F8AAA41 /* Pods_OnCall_Manager_UITests.framework */,
			);
			name = Frameworks;
			sourceTree = "<group>";
		};
		9F8FB116121EAF95572B46A0 /* Pods */ = {
			isa = PBXGroup;
			children = (
				74EC92D469F96D239F0E2C84 /* Pods-OnCall(Manager).debug.xcconfig */,
				698A745E73CCABD500192585 /* Pods-OnCall(Manager).release.xcconfig */,
				627787DAC6E2B844B4524FE1 /* Pods-OnCall(Manager)UITests.debug.xcconfig */,
				35B3895CED177A6F307911AB /* Pods-OnCall(Manager)UITests.release.xcconfig */,
			);
			name = Pods;
			sourceTree = "<group>";
		};
/* End PBXGroup section */

/* Begin PBXNativeTarget section */
		4018A9D91DE0E24600396FDC /* OnCall(Manager) */ = {
			isa = PBXNativeTarget;
			buildConfigurationList = 4018A9F71DE0E24600396FDC /* Build configuration list for PBXNativeTarget "OnCall(Manager)" */;
			buildPhases = (
				93E89A47705F5AABC9F91401 /* [CP] Check Pods Manifest.lock */,
				4018A9D61DE0E24600396FDC /* Sources */,
				4018A9D71DE0E24600396FDC /* Frameworks */,
				4018A9D81DE0E24600396FDC /* Resources */,
				9083758C8E089F9066A45EE0 /* [CP] Embed Pods Frameworks */,
				770706276D30DE634E445DE8 /* [CP] Copy Pods Resources */,
			);
			buildRules = (
			);
			dependencies = (
			);
			name = "OnCall(Manager)";
			productName = "OnCall(Manager)";
			productReference = 4018A9DA1DE0E24600396FDC /* OnCall(Manager).app */;
			productType = "com.apple.product-type.application";
		};
		4018A9ED1DE0E24600396FDC /* OnCall(Manager)UITests */ = {
			isa = PBXNativeTarget;
			buildConfigurationList = 4018A9FA1DE0E24600396FDC /* Build configuration list for PBXNativeTarget "OnCall(Manager)UITests" */;
			buildPhases = (
				FBCC9176A6CDCADCFC955FB4 /* [CP] Check Pods Manifest.lock */,
				4018A9EA1DE0E24600396FDC /* Sources */,
				4018A9EB1DE0E24600396FDC /* Frameworks */,
				4018A9EC1DE0E24600396FDC /* Resources */,
				F01403360D35CF8780A2A7B5 /* [CP] Embed Pods Frameworks */,
				48F0C4C12BC2D72C6089E982 /* [CP] Copy Pods Resources */,
			);
			buildRules = (
			);
			dependencies = (
				4018A9F01DE0E24600396FDC /* PBXTargetDependency */,
			);
			name = "OnCall(Manager)UITests";
			productName = "OnCall(Manager)UITests";
			productReference = 4018A9EE1DE0E24600396FDC /* OnCall(Manager)UITests.xctest */;
			productType = "com.apple.product-type.bundle.ui-testing";
		};
/* End PBXNativeTarget section */

/* Begin PBXProject section */
		4018A9D21DE0E24600396FDC /* Project object */ = {
			isa = PBXProject;
			attributes = {
				LastSwiftUpdateCheck = 0810;
				LastUpgradeCheck = 0810;
				ORGANIZATIONNAME = "Samuel Resendez";
				TargetAttributes = {
					4018A9D91DE0E24600396FDC = {
						CreatedOnToolsVersion = 8.1;
						DevelopmentTeam = JP6WHVYWBA;
						ProvisioningStyle = Automatic;
					};
					4018A9ED1DE0E24600396FDC = {
						CreatedOnToolsVersion = 8.1;
						ProvisioningStyle = Automatic;
						TestTargetID = 4018A9D91DE0E24600396FDC;
					};
				};
			};
			buildConfigurationList = 4018A9D51DE0E24600396FDC /* Build configuration list for PBXProject "OnCall(Manager)" */;
			compatibilityVersion = "Xcode 3.2";
			developmentRegion = English;
			hasScannedForEncodings = 0;
			knownRegions = (
				en,
				Base,
			);
			mainGroup = 4018A9D11DE0E24600396FDC;
			productRefGroup = 4018A9DB1DE0E24600396FDC /* Products */;
			projectDirPath = "";
			projectRoot = "";
			targets = (
				4018A9D91DE0E24600396FDC /* OnCall(Manager) */,
				4018A9ED1DE0E24600396FDC /* OnCall(Manager)UITests */,
			);
		};
/* End PBXProject section */

/* Begin PBXResourcesBuildPhase section */
		4018A9D81DE0E24600396FDC /* Resources */ = {
			isa = PBXResourcesBuildPhase;
			buildActionMask = 2147483647;
			files = (
				4018A9E81DE0E24600396FDC /* LaunchScreen.storyboard in Resources */,
				4018A9E51DE0E24600396FDC /* Assets.xcassets in Resources */,
				4018A9E31DE0E24600396FDC /* Main.storyboard in Resources */,
			);
			runOnlyForDeploymentPostprocessing = 0;
		};
		4018A9EC1DE0E24600396FDC /* Resources */ = {
			isa = PBXResourcesBuildPhase;
			buildActionMask = 2147483647;
			files = (
			);
			runOnlyForDeploymentPostprocessing = 0;
		};
/* End PBXResourcesBuildPhase section */

/* Begin PBXShellScriptBuildPhase section */
		48F0C4C12BC2D72C6089E982 /* [CP] Copy Pods Resources */ = {
			isa = PBXShellScriptBuildPhase;
			buildActionMask = 2147483647;
			files = (
			);
			inputPaths = (
			);
			name = "[CP] Copy Pods Resources";
			outputPaths = (
			);
			runOnlyForDeploymentPostprocessing = 0;
			shellPath = /bin/sh;
			shellScript = "\"${SRCROOT}/Pods/Target Support Files/Pods-OnCall(Manager)UITests/Pods-OnCall(Manager)UITests-resources.sh\"\n";
			showEnvVarsInLog = 0;
		};
		770706276D30DE634E445DE8 /* [CP] Copy Pods Resources */ = {
			isa = PBXShellScriptBuildPhase;
			buildActionMask = 2147483647;
			files = (
			);
			inputPaths = (
			);
			name = "[CP] Copy Pods Resources";
			outputPaths = (
			);
			runOnlyForDeploymentPostprocessing = 0;
			shellPath = /bin/sh;
			shellScript = "\"${SRCROOT}/Pods/Target Support Files/Pods-OnCall(Manager)/Pods-OnCall(Manager)-resources.sh\"\n";
			showEnvVarsInLog = 0;
		};
		9083758C8E089F9066A45EE0 /* [CP] Embed Pods Frameworks */ = {
			isa = PBXShellScriptBuildPhase;
			buildActionMask = 2147483647;
			files = (
			);
			inputPaths = (
			);
			name = "[CP] Embed Pods Frameworks";
			outputPaths = (
			);
			runOnlyForDeploymentPostprocessing = 0;
			shellPath = /bin/sh;
			shellScript = "\"${SRCROOT}/Pods/Target Support Files/Pods-OnCall(Manager)/Pods-OnCall(Manager)-frameworks.sh\"\n";
			showEnvVarsInLog = 0;
		};
		93E89A47705F5AABC9F91401 /* [CP] Check Pods Manifest.lock */ = {
			isa = PBXShellScriptBuildPhase;
			buildActionMask = 2147483647;
			files = (
			);
			inputPaths = (
			);
			name = "[CP] Check Pods Manifest.lock";
			outputPaths = (
			);
			runOnlyForDeploymentPostprocessing = 0;
			shellPath = /bin/sh;
			shellScript = "diff \"${PODS_ROOT}/../Podfile.lock\" \"${PODS_ROOT}/Manifest.lock\" > /dev/null\nif [ $? != 0 ] ; then\n    # print error to STDERR\n    echo \"error: The sandbox is not in sync with the Podfile.lock. Run 'pod install' or update your CocoaPods installation.\" >&2\n    exit 1\nfi\n";
			showEnvVarsInLog = 0;
		};
		F01403360D35CF8780A2A7B5 /* [CP] Embed Pods Frameworks */ = {
			isa = PBXShellScriptBuildPhase;
			buildActionMask = 2147483647;
			files = (
			);
			inputPaths = (
			);
			name = "[CP] Embed Pods Frameworks";
			outputPaths = (
			);
			runOnlyForDeploymentPostprocessing = 0;
			shellPath = /bin/sh;
			shellScript = "\"${SRCROOT}/Pods/Target Support Files/Pods-OnCall(Manager)UITests/Pods-OnCall(Manager)UITests-frameworks.sh\"\n";
			showEnvVarsInLog = 0;
		};
		FBCC9176A6CDCADCFC955FB4 /* [CP] Check Pods Manifest.lock */ = {
			isa = PBXShellScriptBuildPhase;
			buildActionMask = 2147483647;
			files = (
			);
			inputPaths = (
			);
			name = "[CP] Check Pods Manifest.lock";
			outputPaths = (
			);
			runOnlyForDeploymentPostprocessing = 0;
			shellPath = /bin/sh;
			shellScript = "diff \"${PODS_ROOT}/../Podfile.lock\" \"${PODS_ROOT}/Manifest.lock\" > /dev/null\nif [ $? != 0 ] ; then\n    # print error to STDERR\n    echo \"error: The sandbox is not in sync with the Podfile.lock. Run 'pod install' or update your CocoaPods installation.\" >&2\n    exit 1\nfi\n";
			showEnvVarsInLog = 0;
		};
/* End PBXShellScriptBuildPhase section */

/* Begin PBXSourcesBuildPhase section */
		4018A9D61DE0E24600396FDC /* Sources */ = {
			isa = PBXSourcesBuildPhase;
			buildActionMask = 2147483647;
			files = (
				4018AA061DE0FFDC00396FDC /* GraphListViewController.swift in Sources */,
				4018AA081DE10C6900396FDC /* GraphViewController.swift in Sources */,
				4018A9FE1DE0F35100396FDC /* OnboardViewController.swift in Sources */,
				4018A9DE1DE0E24600396FDC /* AppDelegate.swift in Sources */,
				4018AA0A1DE12C2E00396FDC /* DataHandler.swift in Sources */,
				4018AA001DE0F53900396FDC /* shipIDViewController.swift in Sources */,
			);
			runOnlyForDeploymentPostprocessing = 0;
		};
		4018A9EA1DE0E24600396FDC /* Sources */ = {
			isa = PBXSourcesBuildPhase;
			buildActionMask = 2147483647;
			files = (
				4018A9F31DE0E24600396FDC /* OnCall_Manager_UITests.swift in Sources */,
			);
			runOnlyForDeploymentPostprocessing = 0;
		};
/* End PBXSourcesBuildPhase section */

/* Begin PBXTargetDependency section */
		4018A9F01DE0E24600396FDC /* PBXTargetDependency */ = {
			isa = PBXTargetDependency;
			target = 4018A9D91DE0E24600396FDC /* OnCall(Manager) */;
			targetProxy = 4018A9EF1DE0E24600396FDC /* PBXContainerItemProxy */;
		};
/* End PBXTargetDependency section */

/* Begin PBXVariantGroup section */
		4018A9E11DE0E24600396FDC /* Main.storyboard */ = {
			isa = PBXVariantGroup;
			children = (
				4018A9E21DE0E24600396FDC /* Base */,
			);
			name = Main.storyboard;
			sourceTree = "<group>";
		};
		4018A9E61DE0E24600396FDC /* LaunchScreen.storyboard */ = {
			isa = PBXVariantGroup;
			children = (
				4018A9E71DE0E24600396FDC /* Base */,
			);
			name = LaunchScreen.storyboard;
			sourceTree = "<group>";
		};
/* End PBXVariantGroup section */

/* Begin XCBuildConfiguration section */
		4018A9F51DE0E24600396FDC /* Debug */ = {
			isa = XCBuildConfiguration;
			buildSettings = {
				ALWAYS_SEARCH_USER_PATHS = NO;
				CLANG_ANALYZER_NONNULL = YES;
				CLANG_CXX_LANGUAGE_STANDARD = "gnu++0x";
				CLANG_CXX_LIBRARY = "libc++";
				CLANG_ENABLE_MODULES = YES;
				CLANG_ENABLE_OBJC_ARC = YES;
				CLANG_WARN_BOOL_CONVERSION = YES;
				CLANG_WARN_CONSTANT_CONVERSION = YES;
				CLANG_WARN_DIRECT_OBJC_ISA_USAGE = YES_ERROR;
				CLANG_WARN_DOCUMENTATION_COMMENTS = YES;
				CLANG_WARN_EMPTY_BODY = YES;
				CLANG_WARN_ENUM_CONVERSION = YES;
				CLANG_WARN_INFINITE_RECURSION = YES;
				CLANG_WARN_INT_CONVERSION = YES;
				CLANG_WARN_OBJC_ROOT_CLASS = YES_ERROR;
				CLANG_WARN_SUSPICIOUS_MOVES = YES;
				CLANG_WARN_UNREACHABLE_CODE = YES;
				CLANG_WARN__DUPLICATE_METHOD_MATCH = YES;
				"CODE_SIGN_IDENTITY[sdk=iphoneos*]" = "iPhone Developer";
				COPY_PHASE_STRIP = NO;
				DEBUG_INFORMATION_FORMAT = dwarf;
				ENABLE_STRICT_OBJC_MSGSEND = YES;
				ENABLE_TESTABILITY = YES;
				GCC_C_LANGUAGE_STANDARD = gnu99;
				GCC_DYNAMIC_NO_PIC = NO;
				GCC_NO_COMMON_BLOCKS = YES;
				GCC_OPTIMIZATION_LEVEL = 0;
				GCC_PREPROCESSOR_DEFINITIONS = (
					"DEBUG=1",
					"$(inherited)",
				);
				GCC_WARN_64_TO_32_BIT_CONVERSION = YES;
				GCC_WARN_ABOUT_RETURN_TYPE = YES_ERROR;
				GCC_WARN_UNDECLARED_SELECTOR = YES;
				GCC_WARN_UNINITIALIZED_AUTOS = YES_AGGRESSIVE;
				GCC_WARN_UNUSED_FUNCTION = YES;
				GCC_WARN_UNUSED_VARIABLE = YES;
				IPHONEOS_DEPLOYMENT_TARGET = 10.1;
				MTL_ENABLE_DEBUG_INFO = YES;
				ONLY_ACTIVE_ARCH = YES;
				SDKROOT = iphoneos;
				SWIFT_ACTIVE_COMPILATION_CONDITIONS = DEBUG;
				SWIFT_OPTIMIZATION_LEVEL = "-Onone";
				TARGETED_DEVICE_FAMILY = 2;
			};
			name = Debug;
		};
		4018A9F61DE0E24600396FDC /* Release */ = {
			isa = XCBuildConfiguration;
			buildSettings = {
				ALWAYS_SEARCH_USER_PATHS = NO;
				CLANG_ANALYZER_NONNULL = YES;
				CLANG_CXX_LANGUAGE_STANDARD = "gnu++0x";
				CLANG_CXX_LIBRARY = "libc++";
				CLANG_ENABLE_MODULES = YES;
				CLANG_ENABLE_OBJC_ARC = YES;
				CLANG_WARN_BOOL_CONVERSION = YES;
				CLANG_WARN_CONSTANT_CONVERSION = YES;
				CLANG_WARN_DIRECT_OBJC_ISA_USAGE = YES_ERROR;
				CLANG_WARN_DOCUMENTATION_COMMENTS = YES;
				CLANG_WARN_EMPTY_BODY = YES;
				CLANG_WARN_ENUM_CONVERSION = YES;
				CLANG_WARN_INFINITE_RECURSION = YES;
				CLANG_WARN_INT_CONVERSION = YES;
				CLANG_WARN_OBJC_ROOT_CLASS = YES_ERROR;
				CLANG_WARN_SUSPICIOUS_MOVES = YES;
				CLANG_WARN_UNREACHABLE_CODE = YES;
				CLANG_WARN__DUPLICATE_METHOD_MATCH = YES;
				"CODE_SIGN_IDENTITY[sdk=iphoneos*]" = "iPhone Developer";
				COPY_PHASE_STRIP = NO;
				DEBUG_INFORMATION_FORMAT = "dwarf-with-dsym";
				ENABLE_NS_ASSERTIONS = NO;
				ENABLE_STRICT_OBJC_MSGSEND = YES;
				GCC_C_LANGUAGE_STANDARD = gnu99;
				GCC_NO_COMMON_BLOCKS = YES;
				GCC_WARN_64_TO_32_BIT_CONVERSION = YES;
				GCC_WARN_ABOUT_RETURN_TYPE = YES_ERROR;
				GCC_WARN_UNDECLARED_SELECTOR = YES;
				GCC_WARN_UNINITIALIZED_AUTOS = YES_AGGRESSIVE;
				GCC_WARN_UNUSED_FUNCTION = YES;
				GCC_WARN_UNUSED_VARIABLE = YES;
				IPHONEOS_DEPLOYMENT_TARGET = 10.1;
				MTL_ENABLE_DEBUG_INFO = NO;
				SDKROOT = iphoneos;
				SWIFT_OPTIMIZATION_LEVEL = "-Owholemodule";
				TARGETED_DEVICE_FAMILY = 2;
				VALIDATE_PRODUCT = YES;
			};
			name = Release;
		};
		4018A9F81DE0E24600396FDC /* Debug */ = {
			isa = XCBuildConfiguration;
			baseConfigurationReference = 74EC92D469F96D239F0E2C84 /* Pods-OnCall(Manager).debug.xcconfig */;
			buildSettings = {
				ASSETCATALOG_COMPILER_APPICON_NAME = AppIcon;
				DEVELOPMENT_TEAM = JP6WHVYWBA;
				INFOPLIST_FILE = "OnCall(Manager)/Info.plist";
				IPHONEOS_DEPLOYMENT_TARGET = 8.0;
				LD_RUNPATH_SEARCH_PATHS = "$(inherited) @executable_path/Frameworks";
				PRODUCT_BUNDLE_IDENTIFIER = "com.SamResendez.OnCall-Manager-";
				PRODUCT_NAME = "$(TARGET_NAME)";
				SWIFT_VERSION = 3.0;
			};
			name = Debug;
		};
		4018A9F91DE0E24600396FDC /* Release */ = {
			isa = XCBuildConfiguration;
			baseConfigurationReference = 698A745E73CCABD500192585 /* Pods-OnCall(Manager).release.xcconfig */;
			buildSettings = {
				ASSETCATALOG_COMPILER_APPICON_NAME = AppIcon;
				DEVELOPMENT_TEAM = JP6WHVYWBA;
				INFOPLIST_FILE = "OnCall(Manager)/Info.plist";
				IPHONEOS_DEPLOYMENT_TARGET = 8.0;
				LD_RUNPATH_SEARCH_PATHS = "$(inherited) @executable_path/Frameworks";
				PRODUCT_BUNDLE_IDENTIFIER = "com.SamResendez.OnCall-Manager-";
				PRODUCT_NAME = "$(TARGET_NAME)";
				SWIFT_VERSION = 3.0;
			};
			name = Release;
		};
		4018A9FB1DE0E24600396FDC /* Debug */ = {
			isa = XCBuildConfiguration;
			baseConfigurationReference = 627787DAC6E2B844B4524FE1 /* Pods-OnCall(Manager)UITests.debug.xcconfig */;
			buildSettings = {
				ALWAYS_EMBED_SWIFT_STANDARD_LIBRARIES = YES;
				INFOPLIST_FILE = "OnCall(Manager)UITests/Info.plist";
				LD_RUNPATH_SEARCH_PATHS = "$(inherited) @executable_path/Frameworks @loader_path/Frameworks";
				PRODUCT_BUNDLE_IDENTIFIER = "com.SamResendez.OnCall-Manager-UITests";
				PRODUCT_NAME = "$(TARGET_NAME)";
				SWIFT_VERSION = 3.0;
				TEST_TARGET_NAME = "OnCall(Manager)";
			};
			name = Debug;
		};
		4018A9FC1DE0E24600396FDC /* Release */ = {
			isa = XCBuildConfiguration;
			baseConfigurationReference = 35B3895CED177A6F307911AB /* Pods-OnCall(Manager)UITests.release.xcconfig */;
			buildSettings = {
				ALWAYS_EMBED_SWIFT_STANDARD_LIBRARIES = YES;
				INFOPLIST_FILE = "OnCall(Manager)UITests/Info.plist";
				LD_RUNPATH_SEARCH_PATHS = "$(inherited) @executable_path/Frameworks @loader_path/Frameworks";
				PRODUCT_BUNDLE_IDENTIFIER = "com.SamResendez.OnCall-Manager-UITests";
				PRODUCT_NAME = "$(TARGET_NAME)";
				SWIFT_VERSION = 3.0;
				TEST_TARGET_NAME = "OnCall(Manager)";
			};
			name = Release;
		};
/* End XCBuildConfiguration section */

/* Begin XCConfigurationList section */
		4018A9D51DE0E24600396FDC /* Build configuration list for PBXProject "OnCall(Manager)" */ = {
			isa = XCConfigurationList;
			buildConfigurations = (
				4018A9F51DE0E24600396FDC /* Debug */,
				4018A9F61DE0E24600396FDC /* Release */,
			);
			defaultConfigurationIsVisible = 0;
			defaultConfigurationName = Release;
		};
		4018A9F71DE0E24600396FDC /* Build configuration list for PBXNativeTarget "OnCall(Manager)" */ = {
			isa = XCConfigurationList;
			buildConfigurations = (
				4018A9F81DE0E24600396FDC /* Debug */,
				4018A9F91DE0E24600396FDC /* Release */,
			);
			defaultConfigurationIsVisible = 0;
			defaultConfigurationName = Release;
		};
		4018A9FA1DE0E24600396FDC /* Build configuration list for PBXNativeTarget "OnCall(Manager)UITests" */ = {
			isa = XCConfigurationList;
			buildConfigurations = (
				4018A9FB1DE0E24600396FDC /* Debug */,
				4018A9FC1DE0E24600396FDC /* Release */,
			);
			defaultConfigurationIsVisible = 0;
			defaultConfigurationName = Release;
		};
/* End XCConfigurationList section */
	};
	rootObject = 4018A9D21DE0E24600396FDC /* Project object */;
}
